// !$*UTF8*$!
{
	archiveVersion = 1;
	classes = {
	};
	objectVersion = 56;
	objects = {

/* Begin PBXBuildFile section */
		8C330D8A2B56B2EE00FC0632 /* AppDelegate.swift in Sources */ = {isa = PBXBuildFile; fileRef = 8C330D892B56B2EE00FC0632 /* AppDelegate.swift */; };
		8C330D8C2B56B2EE00FC0632 /* SceneDelegate.swift in Sources */ = {isa = PBXBuildFile; fileRef = 8C330D8B2B56B2EE00FC0632 /* SceneDelegate.swift */; };
		8C330D8E2B56B2EE00FC0632 /* BeerViewController.swift in Sources */ = {isa = PBXBuildFile; fileRef = 8C330D8D2B56B2EE00FC0632 /* BeerViewController.swift */; };
		8C330D912B56B2EE00FC0632 /* Main.storyboard in Resources */ = {isa = PBXBuildFile; fileRef = 8C330D8F2B56B2EE00FC0632 /* Main.storyboard */; };
		8C330D932B56B2EF00FC0632 /* Assets.xcassets in Resources */ = {isa = PBXBuildFile; fileRef = 8C330D922B56B2EF00FC0632 /* Assets.xcassets */; };
		8C330D962B56B2EF00FC0632 /* LaunchScreen.storyboard in Resources */ = {isa = PBXBuildFile; fileRef = 8C330D942B56B2EF00FC0632 /* LaunchScreen.storyboard */; };
		8C330D9F2B56B79100FC0632 /* Alamofire in Frameworks */ = {isa = PBXBuildFile; productRef = 8C330D9E2B56B79100FC0632 /* Alamofire */; };
		8C330DA32B56B89300FC0632 /* Beer.swift in Sources */ = {isa = PBXBuildFile; fileRef = 8C330DA22B56B89300FC0632 /* Beer.swift */; };
		8C330DA52B56B90600FC0632 /* BeerManager.swift in Sources */ = {isa = PBXBuildFile; fileRef = 8C330DA42B56B90600FC0632 /* BeerManager.swift */; };
		8C330DA82B56BBE800FC0632 /* Kingfisher in Frameworks */ = {isa = PBXBuildFile; productRef = 8C330DA72B56BBE800FC0632 /* Kingfisher */; };
		8C330DAA2B56BF7C00FC0632 /* RecommendViewController.swift in Sources */ = {isa = PBXBuildFile; fileRef = 8C330DA92B56BF7B00FC0632 /* RecommendViewController.swift */; };
		8C330DAC2B56C55700FC0632 /* RecommendCollectionViewCell.swift in Sources */ = {isa = PBXBuildFile; fileRef = 8C330DAB2B56C55700FC0632 /* RecommendCollectionViewCell.swift */; };
		8C330DAF2B56C5B800FC0632 /* Identifiable.swift in Sources */ = {isa = PBXBuildFile; fileRef = 8C330DAE2B56C5B800FC0632 /* Identifiable.swift */; };
/* End PBXBuildFile section */

/* Begin PBXFileReference section */
		8C330D862B56B2EE00FC0632 /* SESAC-BeerRecommender.app */ = {isa = PBXFileReference; explicitFileType = wrapper.application; includeInIndex = 0; path = "SESAC-BeerRecommender.app"; sourceTree = BUILT_PRODUCTS_DIR; };
		8C330D892B56B2EE00FC0632 /* AppDelegate.swift */ = {isa = PBXFileReference; lastKnownFileType = sourcecode.swift; path = AppDelegate.swift; sourceTree = "<group>"; };
		8C330D8B2B56B2EE00FC0632 /* SceneDelegate.swift */ = {isa = PBXFileReference; lastKnownFileType = sourcecode.swift; path = SceneDelegate.swift; sourceTree = "<group>"; };
		8C330D8D2B56B2EE00FC0632 /* BeerViewController.swift */ = {isa = PBXFileReference; lastKnownFileType = sourcecode.swift; path = BeerViewController.swift; sourceTree = "<group>"; };
		8C330D902B56B2EE00FC0632 /* Base */ = {isa = PBXFileReference; lastKnownFileType = file.storyboard; name = Base; path = Base.lproj/Main.storyboard; sourceTree = "<group>"; };
		8C330D922B56B2EF00FC0632 /* Assets.xcassets */ = {isa = PBXFileReference; lastKnownFileType = folder.assetcatalog; path = Assets.xcassets; sourceTree = "<group>"; };
		8C330D952B56B2EF00FC0632 /* Base */ = {isa = PBXFileReference; lastKnownFileType = file.storyboard; name = Base; path = Base.lproj/LaunchScreen.storyboard; sourceTree = "<group>"; };
		8C330D972B56B2EF00FC0632 /* Info.plist */ = {isa = PBXFileReference; lastKnownFileType = text.plist.xml; path = Info.plist; sourceTree = "<group>"; };
		8C330DA22B56B89300FC0632 /* Beer.swift */ = {isa = PBXFileReference; lastKnownFileType = sourcecode.swift; path = Beer.swift; sourceTree = "<group>"; };
		8C330DA42B56B90600FC0632 /* BeerManager.swift */ = {isa = PBXFileReference; lastKnownFileType = sourcecode.swift; path = BeerManager.swift; sourceTree = "<group>"; };
		8C330DA92B56BF7B00FC0632 /* RecommendViewController.swift */ = {isa = PBXFileReference; lastKnownFileType = sourcecode.swift; path = RecommendViewController.swift; sourceTree = "<group>"; };
		8C330DAB2B56C55700FC0632 /* RecommendCollectionViewCell.swift */ = {isa = PBXFileReference; lastKnownFileType = sourcecode.swift; path = RecommendCollectionViewCell.swift; sourceTree = "<group>"; };
		8C330DAE2B56C5B800FC0632 /* Identifiable.swift */ = {isa = PBXFileReference; lastKnownFileType = sourcecode.swift; path = Identifiable.swift; sourceTree = "<group>"; };
/* End PBXFileReference section */

/* Begin PBXFrameworksBuildPhase section */
		8C330D832B56B2EE00FC0632 /* Frameworks */ = {
			isa = PBXFrameworksBuildPhase;
			buildActionMask = 2147483647;
			files = (
				8C330DA82B56BBE800FC0632 /* Kingfisher in Frameworks */,
				8C330D9F2B56B79100FC0632 /* Alamofire in Frameworks */,
			);
			runOnlyForDeploymentPostprocessing = 0;
		};
/* End PBXFrameworksBuildPhase section */

/* Begin PBXGroup section */
		8C330D7D2B56B2EE00FC0632 = {
			isa = PBXGroup;
			children = (
				8C330D882B56B2EE00FC0632 /* SESAC-BeerRecommender */,
				8C330D872B56B2EE00FC0632 /* Products */,
			);
			sourceTree = "<group>";
		};
		8C330D872B56B2EE00FC0632 /* Products */ = {
			isa = PBXGroup;
			children = (
				8C330D862B56B2EE00FC0632 /* SESAC-BeerRecommender.app */,
			);
			name = Products;
			sourceTree = "<group>";
		};
		8C330D882B56B2EE00FC0632 /* SESAC-BeerRecommender */ = {
			isa = PBXGroup;
			children = (
				8C330D972B56B2EF00FC0632 /* Info.plist */,
				8C330D922B56B2EF00FC0632 /* Assets.xcassets */,
				8C330D942B56B2EF00FC0632 /* LaunchScreen.storyboard */,
				8C330DA02B56B7B900FC0632 /* Delegates */,
				8C330DAD2B56C59C00FC0632 /* Protocol */,
				8C330DA12B56B87E00FC0632 /* Model */,
				8C330DA42B56B90600FC0632 /* BeerManager.swift */,
				8C330D8D2B56B2EE00FC0632 /* BeerViewController.swift */,
				8C330DA92B56BF7B00FC0632 /* RecommendViewController.swift */,
				8C330DAB2B56C55700FC0632 /* RecommendCollectionViewCell.swift */,
				8C330D8F2B56B2EE00FC0632 /* Main.storyboard */,
			);
			path = "SESAC-BeerRecommender";
			sourceTree = "<group>";
		};
		8C330DA02B56B7B900FC0632 /* Delegates */ = {
			isa = PBXGroup;
			children = (
				8C330D892B56B2EE00FC0632 /* AppDelegate.swift */,
				8C330D8B2B56B2EE00FC0632 /* SceneDelegate.swift */,
			);
			path = Delegates;
			sourceTree = "<group>";
		};
		8C330DA12B56B87E00FC0632 /* Model */ = {
			isa = PBXGroup;
			children = (
				8C330DA22B56B89300FC0632 /* Beer.swift */,
			);
			path = Model;
			sourceTree = "<group>";
		};
		8C330DAD2B56C59C00FC0632 /* Protocol */ = {
			isa = PBXGroup;
			children = (
				8C330DAE2B56C5B800FC0632 /* Identifiable.swift */,
			);
			path = Protocol;
			sourceTree = "<group>";
		};
/* End PBXGroup section */

/* Begin PBXNativeTarget section */
		8C330D852B56B2EE00FC0632 /* SESAC-BeerRecommender */ = {
			isa = PBXNativeTarget;
			buildConfigurationList = 8C330D9A2B56B2EF00FC0632 /* Build configuration list for PBXNativeTarget "SESAC-BeerRecommender" */;
			buildPhases = (
				8C330D822B56B2EE00FC0632 /* Sources */,
				8C330D832B56B2EE00FC0632 /* Frameworks */,
				8C330D842B56B2EE00FC0632 /* Resources */,
			);
			buildRules = (
			);
			dependencies = (
			);
			name = "SESAC-BeerRecommender";
			packageProductDependencies = (
				8C330D9E2B56B79100FC0632 /* Alamofire */,
				8C330DA72B56BBE800FC0632 /* Kingfisher */,
			);
			productName = "SESAC-BeerRecommender";
			productReference = 8C330D862B56B2EE00FC0632 /* SESAC-BeerRecommender.app */;
			productType = "com.apple.product-type.application";
		};
/* End PBXNativeTarget section */

/* Begin PBXProject section */
		8C330D7E2B56B2EE00FC0632 /* Project object */ = {
			isa = PBXProject;
			attributes = {
				BuildIndependentTargetsInParallel = 1;
				LastSwiftUpdateCheck = 1520;
				LastUpgradeCheck = 1520;
				TargetAttributes = {
					8C330D852B56B2EE00FC0632 = {
						CreatedOnToolsVersion = 15.2;
					};
				};
			};
			buildConfigurationList = 8C330D812B56B2EE00FC0632 /* Build configuration list for PBXProject "SESAC-BeerRecommender" */;
			compatibilityVersion = "Xcode 14.0";
			developmentRegion = en;
			hasScannedForEncodings = 0;
			knownRegions = (
				en,
				Base,
			);
			mainGroup = 8C330D7D2B56B2EE00FC0632;
			packageReferences = (
				8C330D9D2B56B79100FC0632 /* XCRemoteSwiftPackageReference "Alamofire" */,
				8C330DA62B56BBE800FC0632 /* XCRemoteSwiftPackageReference "Kingfisher" */,
			);
			productRefGroup = 8C330D872B56B2EE00FC0632 /* Products */;
			projectDirPath = "";
			projectRoot = "";
			targets = (
				8C330D852B56B2EE00FC0632 /* SESAC-BeerRecommender */,
			);
		};
/* End PBXProject section */

/* Begin PBXResourcesBuildPhase section */
		8C330D842B56B2EE00FC0632 /* Resources */ = {
			isa = PBXResourcesBuildPhase;
			buildActionMask = 2147483647;
			files = (
				8C330D962B56B2EF00FC0632 /* LaunchScreen.storyboard in Resources */,
				8C330D932B56B2EF00FC0632 /* Assets.xcassets in Resources */,
				8C330D912B56B2EE00FC0632 /* Main.storyboard in Resources */,
			);
			runOnlyForDeploymentPostprocessing = 0;
		};
/* End PBXResourcesBuildPhase section */

/* Begin PBXSourcesBuildPhase section */
		8C330D822B56B2EE00FC0632 /* Sources */ = {
			isa = PBXSourcesBuildPhase;
			buildActionMask = 2147483647;
			files = (
				8C330D8E2B56B2EE00FC0632 /* BeerViewController.swift in Sources */,
				8C330D8A2B56B2EE00FC0632 /* AppDelegate.swift in Sources */,
				8C330D8C2B56B2EE00FC0632 /* SceneDelegate.swift in Sources */,
				8C330DA52B56B90600FC0632 /* BeerManager.swift in Sources */,
				8C330DA32B56B89300FC0632 /* Beer.swift in Sources */,
				8C330DAF2B56C5B800FC0632 /* Identifiable.swift in Sources */,
				8C330DAC2B56C55700FC0632 /* RecommendCollectionViewCell.swift in Sources */,
				8C330DAA2B56BF7C00FC0632 /* RecommendViewController.swift in Sources */,
			);
			runOnlyForDeploymentPostprocessing = 0;
		};
/* End PBXSourcesBuildPhase section */

/* Begin PBXVariantGroup section */
		8C330D8F2B56B2EE00FC0632 /* Main.storyboard */ = {
			isa = PBXVariantGroup;
			children = (
				8C330D902B56B2EE00FC0632 /* Base */,
			);
			name = Main.storyboard;
			sourceTree = "<group>";
		};
		8C330D942B56B2EF00FC0632 /* LaunchScreen.storyboard */ = {
			isa = PBXVariantGroup;
			children = (
				8C330D952B56B2EF00FC0632 /* Base */,
			);
			name = LaunchScreen.storyboard;
			sourceTree = "<group>";
		};
/* End PBXVariantGroup section */

/* Begin XCBuildConfiguration section */
		8C330D982B56B2EF00FC0632 /* Debug */ = {
			isa = XCBuildConfiguration;
			buildSettings = {
				ALWAYS_SEARCH_USER_PATHS = NO;
				ASSETCATALOG_COMPILER_GENERATE_SWIFT_ASSET_SYMBOL_EXTENSIONS = YES;
				CLANG_ANALYZER_NONNULL = YES;
				CLANG_ANALYZER_NUMBER_OBJECT_CONVERSION = YES_AGGRESSIVE;
				CLANG_CXX_LANGUAGE_STANDARD = "gnu++20";
				CLANG_ENABLE_MODULES = YES;
				CLANG_ENABLE_OBJC_ARC = YES;
				CLANG_ENABLE_OBJC_WEAK = YES;
				CLANG_WARN_BLOCK_CAPTURE_AUTORELEASING = YES;
				CLANG_WARN_BOOL_CONVERSION = YES;
				CLANG_WARN_COMMA = YES;
				CLANG_WARN_CONSTANT_CONVERSION = YES;
				CLANG_WARN_DEPRECATED_OBJC_IMPLEMENTATIONS = YES;
				CLANG_WARN_DIRECT_OBJC_ISA_USAGE = YES_ERROR;
				CLANG_WARN_DOCUMENTATION_COMMENTS = YES;
				CLANG_WARN_EMPTY_BODY = YES;
				CLANG_WARN_ENUM_CONVERSION = YES;
				CLANG_WARN_INFINITE_RECURSION = YES;
				CLANG_WARN_INT_CONVERSION = YES;
				CLANG_WARN_NON_LITERAL_NULL_CONVERSION = YES;
				CLANG_WARN_OBJC_IMPLICIT_RETAIN_SELF = YES;
				CLANG_WARN_OBJC_LITERAL_CONVERSION = YES;
				CLANG_WARN_OBJC_ROOT_CLASS = YES_ERROR;
				CLANG_WARN_QUOTED_INCLUDE_IN_FRAMEWORK_HEADER = YES;
				CLANG_WARN_RANGE_LOOP_ANALYSIS = YES;
				CLANG_WARN_STRICT_PROTOTYPES = YES;
				CLANG_WARN_SUSPICIOUS_MOVE = YES;
				CLANG_WARN_UNGUARDED_AVAILABILITY = YES_AGGRESSIVE;
				CLANG_WARN_UNREACHABLE_CODE = YES;
				CLANG_WARN__DUPLICATE_METHOD_MATCH = YES;
				COPY_PHASE_STRIP = NO;
				DEBUG_INFORMATION_FORMAT = dwarf;
				ENABLE_STRICT_OBJC_MSGSEND = YES;
				ENABLE_TESTABILITY = YES;
				ENABLE_USER_SCRIPT_SANDBOXING = YES;
				GCC_C_LANGUAGE_STANDARD = gnu17;
				GCC_DYNAMIC_NO_PIC = NO;
				GCC_NO_COMMON_BLOCKS = YES;
				GCC_OPTIMIZATION_LEVEL = 0;
				GCC_PREPROCESSOR_DEFINITIONS = (
					"DEBUG=1",
					"$(inherited)",
				);
				GCC_WARN_64_TO_32_BIT_CONVERSION = YES;
				GCC_WARN_ABOUT_RETURN_TYPE = YES_ERROR;
				GCC_WARN_UNDECLARED_SELECTOR = YES;
				GCC_WARN_UNINITIALIZED_AUTOS = YES_AGGRESSIVE;
				GCC_WARN_UNUSED_FUNCTION = YES;
				GCC_WARN_UNUSED_VARIABLE = YES;
				IPHONEOS_DEPLOYMENT_TARGET = 17.2;
				LOCALIZATION_PREFERS_STRING_CATALOGS = YES;
				MTL_ENABLE_DEBUG_INFO = INCLUDE_SOURCE;
				MTL_FAST_MATH = YES;
				ONLY_ACTIVE_ARCH = YES;
				SDKROOT = iphoneos;
				SWIFT_ACTIVE_COMPILATION_CONDITIONS = "DEBUG $(inherited)";
				SWIFT_OPTIMIZATION_LEVEL = "-Onone";
			};
			name = Debug;
		};
		8C330D992B56B2EF00FC0632 /* Release */ = {
			isa = XCBuildConfiguration;
			buildSettings = {
				ALWAYS_SEARCH_USER_PATHS = NO;
				ASSETCATALOG_COMPILER_GENERATE_SWIFT_ASSET_SYMBOL_EXTENSIONS = YES;
				CLANG_ANALYZER_NONNULL = YES;
				CLANG_ANALYZER_NUMBER_OBJECT_CONVERSION = YES_AGGRESSIVE;
				CLANG_CXX_LANGUAGE_STANDARD = "gnu++20";
				CLANG_ENABLE_MODULES = YES;
				CLANG_ENABLE_OBJC_ARC = YES;
				CLANG_ENABLE_OBJC_WEAK = YES;
				CLANG_WARN_BLOCK_CAPTURE_AUTORELEASING = YES;
				CLANG_WARN_BOOL_CONVERSION = YES;
				CLANG_WARN_COMMA = YES;
				CLANG_WARN_CONSTANT_CONVERSION = YES;
				CLANG_WARN_DEPRECATED_OBJC_IMPLEMENTATIONS = YES;
				CLANG_WARN_DIRECT_OBJC_ISA_USAGE = YES_ERROR;
				CLANG_WARN_DOCUMENTATION_COMMENTS = YES;
				CLANG_WARN_EMPTY_BODY = YES;
				CLANG_WARN_ENUM_CONVERSION = YES;
				CLANG_WARN_INFINITE_RECURSION = YES;
				CLANG_WARN_INT_CONVERSION = YES;
				CLANG_WARN_NON_LITERAL_NULL_CONVERSION = YES;
				CLANG_WARN_OBJC_IMPLICIT_RETAIN_SELF = YES;
				CLANG_WARN_OBJC_LITERAL_CONVERSION = YES;
				CLANG_WARN_OBJC_ROOT_CLASS = YES_ERROR;
				CLANG_WARN_QUOTED_INCLUDE_IN_FRAMEWORK_HEADER = YES;
				CLANG_WARN_RANGE_LOOP_ANALYSIS = YES;
				CLANG_WARN_STRICT_PROTOTYPES = YES;
				CLANG_WARN_SUSPICIOUS_MOVE = YES;
				CLANG_WARN_UNGUARDED_AVAILABILITY = YES_AGGRESSIVE;
				CLANG_WARN_UNREACHABLE_CODE = YES;
				CLANG_WARN__DUPLICATE_METHOD_MATCH = YES;
				COPY_PHASE_STRIP = NO;
				DEBUG_INFORMATION_FORMAT = "dwarf-with-dsym";
				ENABLE_NS_ASSERTIONS = NO;
				ENABLE_STRICT_OBJC_MSGSEND = YES;
				ENABLE_USER_SCRIPT_SANDBOXING = YES;
				GCC_C_LANGUAGE_STANDARD = gnu17;
				GCC_NO_COMMON_BLOCKS = YES;
				GCC_WARN_64_TO_32_BIT_CONVERSION = YES;
				GCC_WARN_ABOUT_RETURN_TYPE = YES_ERROR;
				GCC_WARN_UNDECLARED_SELECTOR = YES;
				GCC_WARN_UNINITIALIZED_AUTOS = YES_AGGRESSIVE;
				GCC_WARN_UNUSED_FUNCTION = YES;
				GCC_WARN_UNUSED_VARIABLE = YES;
				IPHONEOS_DEPLOYMENT_TARGET = 17.2;
				LOCALIZATION_PREFERS_STRING_CATALOGS = YES;
				MTL_ENABLE_DEBUG_INFO = NO;
				MTL_FAST_MATH = YES;
				SDKROOT = iphoneos;
				SWIFT_COMPILATION_MODE = wholemodule;
				VALIDATE_PRODUCT = YES;
			};
			name = Release;
		};
		8C330D9B2B56B2EF00FC0632 /* Debug */ = {
			isa = XCBuildConfiguration;
			buildSettings = {
				ASSETCATALOG_COMPILER_APPICON_NAME = AppIcon;
				ASSETCATALOG_COMPILER_GLOBAL_ACCENT_COLOR_NAME = AccentColor;
				CODE_SIGN_STYLE = Automatic;
				CURRENT_PROJECT_VERSION = 1;
				DEVELOPMENT_TEAM = WZ7JVY478C;
				GENERATE_INFOPLIST_FILE = YES;
				INFOPLIST_FILE = "SESAC-BeerRecommender/Info.plist";
				INFOPLIST_KEY_UIApplicationSupportsIndirectInputEvents = YES;
				INFOPLIST_KEY_UILaunchStoryboardName = LaunchScreen;
				INFOPLIST_KEY_UIMainStoryboardFile = Main;
				INFOPLIST_KEY_UISupportedInterfaceOrientations_iPad = "UIInterfaceOrientationPortrait UIInterfaceOrientationPortraitUpsideDown UIInterfaceOrientationLandscapeLeft UIInterfaceOrientationLandscapeRight";
				INFOPLIST_KEY_UISupportedInterfaceOrientations_iPhone = "UIInterfaceOrientationPortrait UIInterfaceOrientationLandscapeLeft UIInterfaceOrientationLandscapeRight";
				LD_RUNPATH_SEARCH_PATHS = (
					"$(inherited)",
					"@executable_path/Frameworks",
				);
				MARKETING_VERSION = 1.0;
				PRODUCT_BUNDLE_IDENTIFIER = "com.seryunchun.SESAC-BeerRecommender";
				PRODUCT_NAME = "$(TARGET_NAME)";
				SUPPORTED_PLATFORMS = "iphoneos iphonesimulator";
				SUPPORTS_MACCATALYST = NO;
				SUPPORTS_MAC_DESIGNED_FOR_IPHONE_IPAD = NO;
				SUPPORTS_XR_DESIGNED_FOR_IPHONE_IPAD = NO;
				SWIFT_EMIT_LOC_STRINGS = YES;
				SWIFT_VERSION = 5.0;
				TARGETED_DEVICE_FAMILY = 1;
			};
			name = Debug;
		};
		8C330D9C2B56B2EF00FC0632 /* Release */ = {
			isa = XCBuildConfiguration;
			buildSettings = {
				ASSETCATALOG_COMPILER_APPICON_NAME = AppIcon;
				ASSETCATALOG_COMPILER_GLOBAL_ACCENT_COLOR_NAME = AccentColor;
				CODE_SIGN_STYLE = Automatic;
				CURRENT_PROJECT_VERSION = 1;
				DEVELOPMENT_TEAM = WZ7JVY478C;
				GENERATE_INFOPLIST_FILE = YES;
				INFOPLIST_FILE = "SESAC-BeerRecommender/Info.plist";
				INFOPLIST_KEY_UIApplicationSupportsIndirectInputEvents = YES;
				INFOPLIST_KEY_UILaunchStoryboardName = LaunchScreen;
				INFOPLIST_KEY_UIMainStoryboardFile = Main;
				INFOPLIST_KEY_UISupportedInterfaceOrientations_iPad = "UIInterfaceOrientationPortrait UIInterfaceOrientationPortraitUpsideDown UIInterfaceOrientationLandscapeLeft UIInterfaceOrientationLandscapeRight";
				INFOPLIST_KEY_UISupportedInterfaceOrientations_iPhone = "UIInterfaceOrientationPortrait UIInterfaceOrientationLandscapeLeft UIInterfaceOrientationLandscapeRight";
				LD_RUNPATH_SEARCH_PATHS = (
					"$(inherited)",
					"@executable_path/Frameworks",
				);
				MARKETING_VERSION = 1.0;
				PRODUCT_BUNDLE_IDENTIFIER = "com.seryunchun.SESAC-BeerRecommender";
				PRODUCT_NAME = "$(TARGET_NAME)";
				SUPPORTED_PLATFORMS = "iphoneos iphonesimulator";
				SUPPORTS_MACCATALYST = NO;
				SUPPORTS_MAC_DESIGNED_FOR_IPHONE_IPAD = NO;
				SUPPORTS_XR_DESIGNED_FOR_IPHONE_IPAD = NO;
				SWIFT_EMIT_LOC_STRINGS = YES;
				SWIFT_VERSION = 5.0;
				TARGETED_DEVICE_FAMILY = 1;
			};
			name = Release;
		};
/* End XCBuildConfiguration section */

/* Begin XCConfigurationList section */
		8C330D812B56B2EE00FC0632 /* Build configuration list for PBXProject "SESAC-BeerRecommender" */ = {
			isa = XCConfigurationList;
			buildConfigurations = (
				8C330D982B56B2EF00FC0632 /* Debug */,
				8C330D992B56B2EF00FC0632 /* Release */,
			);
			defaultConfigurationIsVisible = 0;
			defaultConfigurationName = Release;
		};
		8C330D9A2B56B2EF00FC0632 /* Build configuration list for PBXNativeTarget "SESAC-BeerRecommender" */ = {
			isa = XCConfigurationList;
			buildConfigurations = (
				8C330D9B2B56B2EF00FC0632 /* Debug */,
				8C330D9C2B56B2EF00FC0632 /* Release */,
			);
			defaultConfigurationIsVisible = 0;
			defaultConfigurationName = Release;
		};
/* End XCConfigurationList section */

/* Begin XCRemoteSwiftPackageReference section */
		8C330D9D2B56B79100FC0632 /* XCRemoteSwiftPackageReference "Alamofire" */ = {
			isa = XCRemoteSwiftPackageReference;
			repositoryURL = "https://github.com/Alamofire/Alamofire";
			requirement = {
				kind = upToNextMajorVersion;
				minimumVersion = 5.8.1;
			};
		};
		8C330DA62B56BBE800FC0632 /* XCRemoteSwiftPackageReference "Kingfisher" */ = {
			isa = XCRemoteSwiftPackageReference;
			repositoryURL = "https://github.com/onevcat/Kingfisher.git";
			requirement = {
				kind = upToNextMajorVersion;
				minimumVersion = 7.10.2;
			};
		};
/* End XCRemoteSwiftPackageReference section */

/* Begin XCSwiftPackageProductDependency section */
		8C330D9E2B56B79100FC0632 /* Alamofire */ = {
			isa = XCSwiftPackageProductDependency;
			package = 8C330D9D2B56B79100FC0632 /* XCRemoteSwiftPackageReference "Alamofire" */;
			productName = Alamofire;
		};
		8C330DA72B56BBE800FC0632 /* Kingfisher */ = {
			isa = XCSwiftPackageProductDependency;
			package = 8C330DA62B56BBE800FC0632 /* XCRemoteSwiftPackageReference "Kingfisher" */;
			productName = Kingfisher;
		};
/* End XCSwiftPackageProductDependency section */
	};
	rootObject = 8C330D7E2B56B2EE00FC0632 /* Project object */;
}
